{
  "pins" : [
    {
      "identity" : "disk",
      "kind" : "remoteSourceControl",
      "location" : "https://github.com/saoudrizwan/Disk",
      "state" : {
        "branch" : "master",
        "revision" : "f5254d8d889448bf13b97527b21674bcf92dfb85"
      }
    },
    {
      "identity" : "resolver",
      "kind" : "remoteSourceControl",
      "location" : "https://github.com/hmlongco/Resolver",
      "state" : {
        "branch" : "master",
        "revision" : "c8cbb6b15bc9c4b7253e58387c35d6c18af4aa40"
      }
    }
  ],
  "version" : 2
}
